github.com/google/uuid v1.3.0 h1:t6JiXgmwXMjEs8VusXIJk2BXHsn+wx8BZdTaoZ5fu7I=
github.com/google/uuid v1.3.0/go.mod h1:TIyPZe4MgqvfeYDBFedMoGGpEw/LqOeaOT+nhxU+yHo=
github.com/joho/godotenv v1.4.0 h1:3l4+N6zfMWnkbPEXKng2o2/MR5mSwTrBih4ZEkkz1lg=
github.com/joho/godotenv v1.4.0/go.mod h1:f4LDr5Voq0i2e/R5DDNOoa2zzDfwtkZa6DnEwAbqwq4=
github.com/lan143/go-amqp-lib v0.0.0-20220524160251-9b2f9d3266f9 h1:Sg+y5+8ijM9uP7W0l5biD1zHwP300a4U+ccnkpxpdXE=
github.com/lan143/go-amqp-lib v0.0.0-20220524160251-9b2f9d3266f9/go.mod h1:SuDrSCSzm1P346L/IyFhxI/guyPmxEmJS7Gvqv9ZNXI=
github.com/lan143/go-healthcheck-lib v0.0.0-20220428172351-a12112a6d7c7 h1:OBzllDoE0J0Lr7OeY/IkVzuSQVUp0nUmjB3+HmhHSo0=
github.com/lan143/go-healthcheck-lib v0.0.0-20220428172351-a12112a6d7c7/go.mod h1:sTeWBQDJyS+ptK7wZL0nsOi93jVOphXCZMQdVGjrEFU=
github.com/streadway/amqp v1.0.0 h1:kuuDrUJFZL1QYL9hUNuCxNObNzB0bV/ZG5jV3RWAQgo=
github.com/streadway/amqp v1.0.0/go.mod h1:AZpEONHx3DKn8O/DFsRAY58/XVQiIPMTMB1SddzLXVw=
go.uber.org/dig v1.14.1 h1:fyakRgZDdi2F8FgwJJoRGangMSPTIxPSLGzR3Oh0/54=
go.uber.org/dig v1.14.1/go.mod h1:52EKx/Vjdpz9EzeNcweC4YMsTrDdFn9mS/+Uw5ZnVTI=
